
Microsoft Visual Studio Solution File, Format Version 12.00
# Visual Studio Version 16
VisualStudioVersion = 16.0.30413.136
MinimumVisualStudioVersion = 10.0.40219.1
Project("{FAE04EC0-301F-11D3-BF4B-00C04F79EFBC}") = "WPF_XML_Testing", "WPF_XML_Testing\WPF_XML_Testing.csproj", "{D66A746E-C851-480C-B5E0-4E99E29BA1CB}"
EndProject
Global
	GlobalSection(SolutionConfigurationPlatforms) = preSolution
		Debug|Any CPU = Debug|Any CPU
		Release|Any CPU = Release|Any CPU
	EndGlobalSection
	GlobalSection(ProjectConfigurationPlatforms) = postSolution
		{D66A746E-C851-480C-B5E0-4E99E29BA1CB}.Debug|Any CPU.ActiveCfg = Debug|Any CPU
		{D66A746E-C851-480C-B5E0-4E99E29BA1CB}.Debug|Any CPU.Build.0 = Debug|Any CPU
		{D66A746E-C851-480C-B5E0-4E99E29BA1CB}.Release|Any CPU.ActiveCfg = Release|Any CPU
		{D66A746E-C851-480C-B5E0-4E99E29BA1CB}.Release|Any CPU.Build.0 = Release|Any CPU
	EndGlobalSection
	GlobalSection(SolutionProperties) = preSolution
		HideSolutionNode = FALSE
	EndGlobalSection
	GlobalSection(ExtensibilityGlobals) = postSolution
		SolutionGuid = {29D78686-206D-4B58-8878-0F148A5AFFCE}
	EndGlobalSection
EndGlobal
